// !$*UTF8*$!
{
	archiveVersion = 1;
	classes = {
	};
	objectVersion = 46;
	objects = {

/* Begin PBXBuildFile section */
		981E045E1E3341A200E7C168 /* AppDelegate.swift in Sources */ = {isa = PBXBuildFile; fileRef = 981E045D1E3341A200E7C168 /* AppDelegate.swift */; };
		981E04631E3341A200E7C168 /* Main.storyboard in Resources */ = {isa = PBXBuildFile; fileRef = 981E04611E3341A200E7C168 /* Main.storyboard */; };
		981E04661E3341A200E7C168 /* ProvidR.xcdatamodeld in Sources */ = {isa = PBXBuildFile; fileRef = 981E04641E3341A200E7C168 /* ProvidR.xcdatamodeld */; };
		981E04681E3341A200E7C168 /* Assets.xcassets in Resources */ = {isa = PBXBuildFile; fileRef = 981E04671E3341A200E7C168 /* Assets.xcassets */; };
		981E046B1E3341A200E7C168 /* LaunchScreen.storyboard in Resources */ = {isa = PBXBuildFile; fileRef = 981E04691E3341A200E7C168 /* LaunchScreen.storyboard */; };
		981E04761E3341A200E7C168 /* ProvidRTests.swift in Sources */ = {isa = PBXBuildFile; fileRef = 981E04751E3341A200E7C168 /* ProvidRTests.swift */; };
		981E04811E3341A200E7C168 /* ProvidRUITests.swift in Sources */ = {isa = PBXBuildFile; fileRef = 981E04801E3341A200E7C168 /* ProvidRUITests.swift */; };
		98522A581E3409D600BFBDBD /* SocketIO.framework in Frameworks */ = {isa = PBXBuildFile; fileRef = 98522A571E3409D600BFBDBD /* SocketIO.framework */; };
		98522A591E3417DD00BFBDBD /* SocketIO.framework in Frameworks */ = {isa = PBXBuildFile; fileRef = 98522A571E3409D600BFBDBD /* SocketIO.framework */; };
		98522A5A1E3417DD00BFBDBD /* SocketIO.framework in Embed Frameworks */ = {isa = PBXBuildFile; fileRef = 98522A571E3409D600BFBDBD /* SocketIO.framework */; settings = {ATTRIBUTES = (CodeSignOnCopy, RemoveHeadersOnCopy, ); }; };
		98522A5E1E341C2000BFBDBD /* Pantry.swift in Sources */ = {isa = PBXBuildFile; fileRef = 98522A5D1E341C2000BFBDBD /* Pantry.swift */; };
		98522A601E341C3200BFBDBD /* user.swift in Sources */ = {isa = PBXBuildFile; fileRef = 98522A5F1E341C3200BFBDBD /* user.swift */; };
		98522A621E344B6200BFBDBD /* PantryTabBar.swift in Sources */ = {isa = PBXBuildFile; fileRef = 98522A611E344B6200BFBDBD /* PantryTabBar.swift */; };
		98522A671E344EC400BFBDBD /* InventoryTableViewCell.swift in Sources */ = {isa = PBXBuildFile; fileRef = 98522A661E344EC400BFBDBD /* InventoryTableViewCell.swift */; };
		98522A691E3451D200BFBDBD /* InventoryTableViewController.swift in Sources */ = {isa = PBXBuildFile; fileRef = 98522A681E3451D200BFBDBD /* InventoryTableViewController.swift */; };
		98522A6C1E34528500BFBDBD /* SmartListTableViewController.swift in Sources */ = {isa = PBXBuildFile; fileRef = 98522A6B1E34528500BFBDBD /* SmartListTableViewController.swift */; };
		98522A6E1E3452A300BFBDBD /* SmartListTableViewCell.swift in Sources */ = {isa = PBXBuildFile; fileRef = 98522A6D1E3452A300BFBDBD /* SmartListTableViewCell.swift */; };
		98522A711E345DCB00BFBDBD /* WishlistTableViewController.swift in Sources */ = {isa = PBXBuildFile; fileRef = 98522A701E345DCB00BFBDBD /* WishlistTableViewController.swift */; };
		98522A731E345DFC00BFBDBD /* WishlistTableViewCell.swift in Sources */ = {isa = PBXBuildFile; fileRef = 98522A721E345DFC00BFBDBD /* WishlistTableViewCell.swift */; };
		98522A761E34813800BFBDBD /* AddFoodViewController.swift in Sources */ = {isa = PBXBuildFile; fileRef = 98522A751E34813800BFBDBD /* AddFoodViewController.swift */; };
		98522A781E34BE7C00BFBDBD /* AddItemViewController.swift in Sources */ = {isa = PBXBuildFile; fileRef = 98522A771E34BE7C00BFBDBD /* AddItemViewController.swift */; };
		988F66DE1E334E5E00F09379 /* LogInViewController.swift in Sources */ = {isa = PBXBuildFile; fileRef = 988F66DD1E334E5E00F09379 /* LogInViewController.swift */; };
		988F66E11E33B3C400F09379 /* RegistrationViewController.swift in Sources */ = {isa = PBXBuildFile; fileRef = 988F66E01E33B3C400F09379 /* RegistrationViewController.swift */; };
		988F66E51E33C1EE00F09379 /* PantryListTableViewController.swift in Sources */ = {isa = PBXBuildFile; fileRef = 988F66E41E33C1EE00F09379 /* PantryListTableViewController.swift */; };
		988F66E71E33C1FE00F09379 /* PantryListTableViewCell.swift in Sources */ = {isa = PBXBuildFile; fileRef = 988F66E61E33C1FE00F09379 /* PantryListTableViewCell.swift */; };
		988F66E91E33C7F600F09379 /* PantryListNavigationController.swift in Sources */ = {isa = PBXBuildFile; fileRef = 988F66E81E33C7F600F09379 /* PantryListNavigationController.swift */; };
		988F66EB1E33FDB800F09379 /* DataSingleton.swift in Sources */ = {isa = PBXBuildFile; fileRef = 988F66EA1E33FDB800F09379 /* DataSingleton.swift */; };
/* End PBXBuildFile section */

/* Begin PBXContainerItemProxy section */
		981E04721E3341A200E7C168 /* PBXContainerItemProxy */ = {
			isa = PBXContainerItemProxy;
			containerPortal = 981E04521E3341A200E7C168 /* Project object */;
			proxyType = 1;
			remoteGlobalIDString = 981E04591E3341A200E7C168;
			remoteInfo = ProvidR;
		};
		981E047D1E3341A200E7C168 /* PBXContainerItemProxy */ = {
			isa = PBXContainerItemProxy;
			containerPortal = 981E04521E3341A200E7C168 /* Project object */;
			proxyType = 1;
			remoteGlobalIDString = 981E04591E3341A200E7C168;
			remoteInfo = ProvidR;
		};
/* End PBXContainerItemProxy section */

/* Begin PBXCopyFilesBuildPhase section */
		98522A5B1E3417DD00BFBDBD /* Embed Frameworks */ = {
			isa = PBXCopyFilesBuildPhase;
			buildActionMask = 2147483647;
			dstPath = "";
			dstSubfolderSpec = 10;
			files = (
				98522A5A1E3417DD00BFBDBD /* SocketIO.framework in Embed Frameworks */,
			);
			name = "Embed Frameworks";
			runOnlyForDeploymentPostprocessing = 0;
		};
/* End PBXCopyFilesBuildPhase section */

/* Begin PBXFileReference section */
		981E045A1E3341A200E7C168 /* ProvidR.app */ = {isa = PBXFileReference; explicitFileType = wrapper.application; includeInIndex = 0; path = ProvidR.app; sourceTree = BUILT_PRODUCTS_DIR; };
		981E045D1E3341A200E7C168 /* AppDelegate.swift */ = {isa = PBXFileReference; lastKnownFileType = sourcecode.swift; path = AppDelegate.swift; sourceTree = "<group>"; };
		981E04621E3341A200E7C168 /* Base */ = {isa = PBXFileReference; lastKnownFileType = file.storyboard; name = Base; path = Base.lproj/Main.storyboard; sourceTree = "<group>"; };
		981E04651E3341A200E7C168 /* ProvidR.xcdatamodel */ = {isa = PBXFileReference; lastKnownFileType = wrapper.xcdatamodel; path = ProvidR.xcdatamodel; sourceTree = "<group>"; };
		981E04671E3341A200E7C168 /* Assets.xcassets */ = {isa = PBXFileReference; lastKnownFileType = folder.assetcatalog; path = Assets.xcassets; sourceTree = "<group>"; };
		981E046A1E3341A200E7C168 /* Base */ = {isa = PBXFileReference; lastKnownFileType = file.storyboard; name = Base; path = Base.lproj/LaunchScreen.storyboard; sourceTree = "<group>"; };
		981E046C1E3341A200E7C168 /* Info.plist */ = {isa = PBXFileReference; lastKnownFileType = text.plist.xml; path = Info.plist; sourceTree = "<group>"; };
		981E04711E3341A200E7C168 /* ProvidRTests.xctest */ = {isa = PBXFileReference; explicitFileType = wrapper.cfbundle; includeInIndex = 0; path = ProvidRTests.xctest; sourceTree = BUILT_PRODUCTS_DIR; };
		981E04751E3341A200E7C168 /* ProvidRTests.swift */ = {isa = PBXFileReference; lastKnownFileType = sourcecode.swift; path = ProvidRTests.swift; sourceTree = "<group>"; };
		981E04771E3341A200E7C168 /* Info.plist */ = {isa = PBXFileReference; lastKnownFileType = text.plist.xml; path = Info.plist; sourceTree = "<group>"; };
		981E047C1E3341A200E7C168 /* ProvidRUITests.xctest */ = {isa = PBXFileReference; explicitFileType = wrapper.cfbundle; includeInIndex = 0; path = ProvidRUITests.xctest; sourceTree = BUILT_PRODUCTS_DIR; };
		981E04801E3341A200E7C168 /* ProvidRUITests.swift */ = {isa = PBXFileReference; lastKnownFileType = sourcecode.swift; path = ProvidRUITests.swift; sourceTree = "<group>"; };
		981E04821E3341A200E7C168 /* Info.plist */ = {isa = PBXFileReference; lastKnownFileType = text.plist.xml; path = Info.plist; sourceTree = "<group>"; };
		98522A571E3409D600BFBDBD /* SocketIO.framework */ = {isa = PBXFileReference; lastKnownFileType = wrapper.framework; name = SocketIO.framework; path = Carthage/Build/iOS/SocketIO.framework; sourceTree = "<group>"; };
		98522A5D1E341C2000BFBDBD /* Pantry.swift */ = {isa = PBXFileReference; fileEncoding = 4; lastKnownFileType = sourcecode.swift; path = Pantry.swift; sourceTree = "<group>"; };
		98522A5F1E341C3200BFBDBD /* user.swift */ = {isa = PBXFileReference; fileEncoding = 4; lastKnownFileType = sourcecode.swift; path = user.swift; sourceTree = "<group>"; };
		98522A611E344B6200BFBDBD /* PantryTabBar.swift */ = {isa = PBXFileReference; fileEncoding = 4; lastKnownFileType = sourcecode.swift; path = PantryTabBar.swift; sourceTree = "<group>"; };
		98522A661E344EC400BFBDBD /* InventoryTableViewCell.swift */ = {isa = PBXFileReference; fileEncoding = 4; lastKnownFileType = sourcecode.swift; path = InventoryTableViewCell.swift; sourceTree = "<group>"; };
		98522A681E3451D200BFBDBD /* InventoryTableViewController.swift */ = {isa = PBXFileReference; fileEncoding = 4; lastKnownFileType = sourcecode.swift; path = InventoryTableViewController.swift; sourceTree = "<group>"; };
		98522A6B1E34528500BFBDBD /* SmartListTableViewController.swift */ = {isa = PBXFileReference; fileEncoding = 4; lastKnownFileType = sourcecode.swift; path = SmartListTableViewController.swift; sourceTree = "<group>"; };
		98522A6D1E3452A300BFBDBD /* SmartListTableViewCell.swift */ = {isa = PBXFileReference; fileEncoding = 4; lastKnownFileType = sourcecode.swift; path = SmartListTableViewCell.swift; sourceTree = "<group>"; };
		98522A701E345DCB00BFBDBD /* WishlistTableViewController.swift */ = {isa = PBXFileReference; fileEncoding = 4; lastKnownFileType = sourcecode.swift; path = WishlistTableViewController.swift; sourceTree = "<group>"; };
		98522A721E345DFC00BFBDBD /* WishlistTableViewCell.swift */ = {isa = PBXFileReference; fileEncoding = 4; lastKnownFileType = sourcecode.swift; path = WishlistTableViewCell.swift; sourceTree = "<group>"; };
		98522A751E34813800BFBDBD /* AddFoodViewController.swift */ = {isa = PBXFileReference; fileEncoding = 4; lastKnownFileType = sourcecode.swift; path = AddFoodViewController.swift; sourceTree = "<group>"; };
		98522A771E34BE7C00BFBDBD /* AddItemViewController.swift */ = {isa = PBXFileReference; fileEncoding = 4; lastKnownFileType = sourcecode.swift; path = AddItemViewController.swift; sourceTree = "<group>"; };
		988F66DD1E334E5E00F09379 /* LogInViewController.swift */ = {isa = PBXFileReference; fileEncoding = 4; lastKnownFileType = sourcecode.swift; path = LogInViewController.swift; sourceTree = "<group>"; };
		988F66E01E33B3C400F09379 /* RegistrationViewController.swift */ = {isa = PBXFileReference; fileEncoding = 4; lastKnownFileType = sourcecode.swift; path = RegistrationViewController.swift; sourceTree = "<group>"; };
		988F66E41E33C1EE00F09379 /* PantryListTableViewController.swift */ = {isa = PBXFileReference; fileEncoding = 4; lastKnownFileType = sourcecode.swift; path = PantryListTableViewController.swift; sourceTree = "<group>"; };
		988F66E61E33C1FE00F09379 /* PantryListTableViewCell.swift */ = {isa = PBXFileReference; fileEncoding = 4; lastKnownFileType = sourcecode.swift; path = PantryListTableViewCell.swift; sourceTree = "<group>"; };
		988F66E81E33C7F600F09379 /* PantryListNavigationController.swift */ = {isa = PBXFileReference; fileEncoding = 4; lastKnownFileType = sourcecode.swift; path = PantryListNavigationController.swift; sourceTree = "<group>"; };
		988F66EA1E33FDB800F09379 /* DataSingleton.swift */ = {isa = PBXFileReference; fileEncoding = 4; lastKnownFileType = sourcecode.swift; path = DataSingleton.swift; sourceTree = "<group>"; };
/* End PBXFileReference section */

/* Begin PBXFrameworksBuildPhase section */
		981E04571E3341A200E7C168 /* Frameworks */ = {
			isa = PBXFrameworksBuildPhase;
			buildActionMask = 2147483647;
			files = (
				98522A581E3409D600BFBDBD /* SocketIO.framework in Frameworks */,
				98522A591E3417DD00BFBDBD /* SocketIO.framework in Frameworks */,
			);
			runOnlyForDeploymentPostprocessing = 0;
		};
		981E046E1E3341A200E7C168 /* Frameworks */ = {
			isa = PBXFrameworksBuildPhase;
			buildActionMask = 2147483647;
			files = (
			);
			runOnlyForDeploymentPostprocessing = 0;
		};
		981E04791E3341A200E7C168 /* Frameworks */ = {
			isa = PBXFrameworksBuildPhase;
			buildActionMask = 2147483647;
			files = (
			);
			runOnlyForDeploymentPostprocessing = 0;
		};
/* End PBXFrameworksBuildPhase section */

/* Begin PBXGroup section */
		981E04511E3341A200E7C168 = {
			isa = PBXGroup;
			children = (
				981E045C1E3341A200E7C168 /* ProvidR */,
				981E04741E3341A200E7C168 /* ProvidRTests */,
				981E047F1E3341A200E7C168 /* ProvidRUITests */,
				981E045B1E3341A200E7C168 /* Products */,
				98522A561E3409D600BFBDBD /* Frameworks */,
			);
			sourceTree = "<group>";
		};
		981E045B1E3341A200E7C168 /* Products */ = {
			isa = PBXGroup;
			children = (
				981E045A1E3341A200E7C168 /* ProvidR.app */,
				981E04711E3341A200E7C168 /* ProvidRTests.xctest */,
				981E047C1E3341A200E7C168 /* ProvidRUITests.xctest */,
			);
			name = Products;
			sourceTree = "<group>";
		};
		981E045C1E3341A200E7C168 /* ProvidR */ = {
			isa = PBXGroup;
			children = (
				98522A6F1E345DB600BFBDBD /* WishListTableViewController */,
				98522A6A1E34525F00BFBDBD /* SmartListTableView */,
				98522A631E344E7F00BFBDBD /* InventoryTableView */,
				98522A5C1E341C1300BFBDBD /* PantryModel */,
				988F66E31E33C1D000F09379 /* PantryListTableViewController */,
				988F66DF1E33AA1100F09379 /* View Controllers */,
				981E045D1E3341A200E7C168 /* AppDelegate.swift */,
				981E04691E3341A200E7C168 /* LaunchScreen.storyboard */,
				981E04611E3341A200E7C168 /* Main.storyboard */,
				981E04671E3341A200E7C168 /* Assets.xcassets */,
				981E046C1E3341A200E7C168 /* Info.plist */,
				981E04641E3341A200E7C168 /* ProvidR.xcdatamodeld */,
			);
			path = ProvidR;
			sourceTree = "<group>";
		};
		981E04741E3341A200E7C168 /* ProvidRTests */ = {
			isa = PBXGroup;
			children = (
				981E04751E3341A200E7C168 /* ProvidRTests.swift */,
				981E04771E3341A200E7C168 /* Info.plist */,
			);
			path = ProvidRTests;
			sourceTree = "<group>";
		};
		981E047F1E3341A200E7C168 /* ProvidRUITests */ = {
			isa = PBXGroup;
			children = (
				981E04801E3341A200E7C168 /* ProvidRUITests.swift */,
				981E04821E3341A200E7C168 /* Info.plist */,
			);
			path = ProvidRUITests;
			sourceTree = "<group>";
		};
		98522A561E3409D600BFBDBD /* Frameworks */ = {
			isa = PBXGroup;
			children = (
				98522A571E3409D600BFBDBD /* SocketIO.framework */,
			);
			name = Frameworks;
			sourceTree = "<group>";
		};
		98522A5C1E341C1300BFBDBD /* PantryModel */ = {
			isa = PBXGroup;
			children = (
				98522A5F1E341C3200BFBDBD /* user.swift */,
				988F66EA1E33FDB800F09379 /* DataSingleton.swift */,
				98522A5D1E341C2000BFBDBD /* Pantry.swift */,
			);
			name = PantryModel;
			sourceTree = "<group>";
		};
		98522A631E344E7F00BFBDBD /* InventoryTableView */ = {
			isa = PBXGroup;
			children = (
				98522A661E344EC400BFBDBD /* InventoryTableViewCell.swift */,
				98522A681E3451D200BFBDBD /* InventoryTableViewController.swift */,
				98522A771E34BE7C00BFBDBD /* AddItemViewController.swift */,
			);
			name = InventoryTableView;
			sourceTree = "<group>";
		};
		98522A6A1E34525F00BFBDBD /* SmartListTableView */ = {
			isa = PBXGroup;
			children = (
				98522A6B1E34528500BFBDBD /* SmartListTableViewController.swift */,
				98522A6D1E3452A300BFBDBD /* SmartListTableViewCell.swift */,
			);
			name = SmartListTableView;
			sourceTree = "<group>";
		};
		98522A6F1E345DB600BFBDBD /* WishListTableViewController */ = {
			isa = PBXGroup;
			children = (
				98522A701E345DCB00BFBDBD /* WishlistTableViewController.swift */,
				98522A721E345DFC00BFBDBD /* WishlistTableViewCell.swift */,
				98522A751E34813800BFBDBD /* AddFoodViewController.swift */,
			);
			name = WishListTableViewController;
			sourceTree = "<group>";
		};
		988F66DF1E33AA1100F09379 /* View Controllers */ = {
			isa = PBXGroup;
			children = (
				988F66DD1E334E5E00F09379 /* LogInViewController.swift */,
				988F66E01E33B3C400F09379 /* RegistrationViewController.swift */,
				98522A611E344B6200BFBDBD /* PantryTabBar.swift */,
			);
			name = "View Controllers";
			sourceTree = "<group>";
		};
		988F66E31E33C1D000F09379 /* PantryListTableViewController */ = {
			isa = PBXGroup;
			children = (
				988F66E41E33C1EE00F09379 /* PantryListTableViewController.swift */,
				988F66E61E33C1FE00F09379 /* PantryListTableViewCell.swift */,
				988F66E81E33C7F600F09379 /* PantryListNavigationController.swift */,
			);
			name = PantryListTableViewController;
			sourceTree = "<group>";
		};
/* End PBXGroup section */

/* Begin PBXNativeTarget section */
		981E04591E3341A200E7C168 /* ProvidR */ = {
			isa = PBXNativeTarget;
			buildConfigurationList = 981E04851E3341A200E7C168 /* Build configuration list for PBXNativeTarget "ProvidR" */;
			buildPhases = (
				981E04561E3341A200E7C168 /* Sources */,
				981E04571E3341A200E7C168 /* Frameworks */,
				981E04581E3341A200E7C168 /* Resources */,
				98522A5B1E3417DD00BFBDBD /* Embed Frameworks */,
			);
			buildRules = (
			);
			dependencies = (
			);
			name = ProvidR;
			productName = ProvidR;
			productReference = 981E045A1E3341A200E7C168 /* ProvidR.app */;
			productType = "com.apple.product-type.application";
		};
		981E04701E3341A200E7C168 /* ProvidRTests */ = {
			isa = PBXNativeTarget;
			buildConfigurationList = 981E04881E3341A200E7C168 /* Build configuration list for PBXNativeTarget "ProvidRTests" */;
			buildPhases = (
				981E046D1E3341A200E7C168 /* Sources */,
				981E046E1E3341A200E7C168 /* Frameworks */,
				981E046F1E3341A200E7C168 /* Resources */,
			);
			buildRules = (
			);
			dependencies = (
				981E04731E3341A200E7C168 /* PBXTargetDependency */,
			);
			name = ProvidRTests;
			productName = ProvidRTests;
			productReference = 981E04711E3341A200E7C168 /* ProvidRTests.xctest */;
			productType = "com.apple.product-type.bundle.unit-test";
		};
		981E047B1E3341A200E7C168 /* ProvidRUITests */ = {
			isa = PBXNativeTarget;
			buildConfigurationList = 981E048B1E3341A200E7C168 /* Build configuration list for PBXNativeTarget "ProvidRUITests" */;
			buildPhases = (
				981E04781E3341A200E7C168 /* Sources */,
				981E04791E3341A200E7C168 /* Frameworks */,
				981E047A1E3341A200E7C168 /* Resources */,
			);
			buildRules = (
			);
			dependencies = (
				981E047E1E3341A200E7C168 /* PBXTargetDependency */,
			);
			name = ProvidRUITests;
			productName = ProvidRUITests;
			productReference = 981E047C1E3341A200E7C168 /* ProvidRUITests.xctest */;
			productType = "com.apple.product-type.bundle.ui-testing";
		};
/* End PBXNativeTarget section */

/* Begin PBXProject section */
		981E04521E3341A200E7C168 /* Project object */ = {
			isa = PBXProject;
			attributes = {
				LastSwiftUpdateCheck = 0820;
				LastUpgradeCheck = 0820;
				ORGANIZATIONNAME = Providr;
				TargetAttributes = {
					981E04591E3341A200E7C168 = {
						CreatedOnToolsVersion = 8.2.1;
						DevelopmentTeam = 2J36W3NEML;
						ProvisioningStyle = Automatic;
					};
					981E04701E3341A200E7C168 = {
						CreatedOnToolsVersion = 8.2.1;
						DevelopmentTeam = 2J36W3NEML;
						ProvisioningStyle = Automatic;
						TestTargetID = 981E04591E3341A200E7C168;
					};
					981E047B1E3341A200E7C168 = {
						CreatedOnToolsVersion = 8.2.1;
						DevelopmentTeam = 2J36W3NEML;
						ProvisioningStyle = Automatic;
						TestTargetID = 981E04591E3341A200E7C168;
					};
				};
			};
			buildConfigurationList = 981E04551E3341A200E7C168 /* Build configuration list for PBXProject "ProvidR" */;
			compatibilityVersion = "Xcode 3.2";
			developmentRegion = English;
			hasScannedForEncodings = 0;
			knownRegions = (
				en,
				Base,
			);
			mainGroup = 981E04511E3341A200E7C168;
			productRefGroup = 981E045B1E3341A200E7C168 /* Products */;
			projectDirPath = "";
			projectRoot = "";
			targets = (
				981E04591E3341A200E7C168 /* ProvidR */,
				981E04701E3341A200E7C168 /* ProvidRTests */,
				981E047B1E3341A200E7C168 /* ProvidRUITests */,
			);
		};
/* End PBXProject section */

/* Begin PBXResourcesBuildPhase section */
		981E04581E3341A200E7C168 /* Resources */ = {
			isa = PBXResourcesBuildPhase;
			buildActionMask = 2147483647;
			files = (
				981E046B1E3341A200E7C168 /* LaunchScreen.storyboard in Resources */,
				981E04681E3341A200E7C168 /* Assets.xcassets in Resources */,
				981E04631E3341A200E7C168 /* Main.storyboard in Resources */,
			);
			runOnlyForDeploymentPostprocessing = 0;
		};
		981E046F1E3341A200E7C168 /* Resources */ = {
			isa = PBXResourcesBuildPhase;
			buildActionMask = 2147483647;
			files = (
			);
			runOnlyForDeploymentPostprocessing = 0;
		};
		981E047A1E3341A200E7C168 /* Resources */ = {
			isa = PBXResourcesBuildPhase;
			buildActionMask = 2147483647;
			files = (
			);
			runOnlyForDeploymentPostprocessing = 0;
		};
/* End PBXResourcesBuildPhase section */

/* Begin PBXSourcesBuildPhase section */
		981E04561E3341A200E7C168 /* Sources */ = {
			isa = PBXSourcesBuildPhase;
			buildActionMask = 2147483647;
			files = (
				98522A691E3451D200BFBDBD /* InventoryTableViewController.swift in Sources */,
				98522A601E341C3200BFBDBD /* user.swift in Sources */,
				988F66DE1E334E5E00F09379 /* LogInViewController.swift in Sources */,
				988F66E51E33C1EE00F09379 /* PantryListTableViewController.swift in Sources */,
				98522A761E34813800BFBDBD /* AddFoodViewController.swift in Sources */,
				98522A621E344B6200BFBDBD /* PantryTabBar.swift in Sources */,
				98522A6E1E3452A300BFBDBD /* SmartListTableViewCell.swift in Sources */,
				988F66EB1E33FDB800F09379 /* DataSingleton.swift in Sources */,
				98522A5E1E341C2000BFBDBD /* Pantry.swift in Sources */,
				98522A6C1E34528500BFBDBD /* SmartListTableViewController.swift in Sources */,
				988F66E71E33C1FE00F09379 /* PantryListTableViewCell.swift in Sources */,
				981E045E1E3341A200E7C168 /* AppDelegate.swift in Sources */,
				988F66E91E33C7F600F09379 /* PantryListNavigationController.swift in Sources */,
				981E04661E3341A200E7C168 /* ProvidR.xcdatamodeld in Sources */,
				98522A781E34BE7C00BFBDBD /* AddItemViewController.swift in Sources */,
				98522A731E345DFC00BFBDBD /* WishlistTableViewCell.swift in Sources */,
				98522A671E344EC400BFBDBD /* InventoryTableViewCell.swift in Sources */,
				98522A711E345DCB00BFBDBD /* WishlistTableViewController.swift in Sources */,
				988F66E11E33B3C400F09379 /* RegistrationViewController.swift in Sources */,
			);
			runOnlyForDeploymentPostprocessing = 0;
		};
		981E046D1E3341A200E7C168 /* Sources */ = {
			isa = PBXSourcesBuildPhase;
			buildActionMask = 2147483647;
			files = (
				981E04761E3341A200E7C168 /* ProvidRTests.swift in Sources */,
			);
			runOnlyForDeploymentPostprocessing = 0;
		};
		981E04781E3341A200E7C168 /* Sources */ = {
			isa = PBXSourcesBuildPhase;
			buildActionMask = 2147483647;
			files = (
				981E04811E3341A200E7C168 /* ProvidRUITests.swift in Sources */,
			);
			runOnlyForDeploymentPostprocessing = 0;
		};
/* End PBXSourcesBuildPhase section */

/* Begin PBXTargetDependency section */
		981E04731E3341A200E7C168 /* PBXTargetDependency */ = {
			isa = PBXTargetDependency;
			target = 981E04591E3341A200E7C168 /* ProvidR */;
			targetProxy = 981E04721E3341A200E7C168 /* PBXContainerItemProxy */;
		};
		981E047E1E3341A200E7C168 /* PBXTargetDependency */ = {
			isa = PBXTargetDependency;
			target = 981E04591E3341A200E7C168 /* ProvidR */;
			targetProxy = 981E047D1E3341A200E7C168 /* PBXContainerItemProxy */;
		};
/* End PBXTargetDependency section */

/* Begin PBXVariantGroup section */
		981E04611E3341A200E7C168 /* Main.storyboard */ = {
			isa = PBXVariantGroup;
			children = (
				981E04621E3341A200E7C168 /* Base */,
			);
			name = Main.storyboard;
			sourceTree = "<group>";
		};
		981E04691E3341A200E7C168 /* LaunchScreen.storyboard */ = {
			isa = PBXVariantGroup;
			children = (
				981E046A1E3341A200E7C168 /* Base */,
			);
			name = LaunchScreen.storyboard;
			sourceTree = "<group>";
		};
/* End PBXVariantGroup section */

/* Begin XCBuildConfiguration section */
		981E04831E3341A200E7C168 /* Debug */ = {
			isa = XCBuildConfiguration;
			buildSettings = {
				ALWAYS_SEARCH_USER_PATHS = NO;
				CLANG_ANALYZER_NONNULL = YES;
				CLANG_CXX_LANGUAGE_STANDARD = "gnu++0x";
				CLANG_CXX_LIBRARY = "libc++";
				CLANG_ENABLE_MODULES = YES;
				CLANG_ENABLE_OBJC_ARC = YES;
				CLANG_WARN_BOOL_CONVERSION = YES;
				CLANG_WARN_CONSTANT_CONVERSION = YES;
				CLANG_WARN_DIRECT_OBJC_ISA_USAGE = YES_ERROR;
				CLANG_WARN_DOCUMENTATION_COMMENTS = YES;
				CLANG_WARN_EMPTY_BODY = YES;
				CLANG_WARN_ENUM_CONVERSION = YES;
				CLANG_WARN_INFINITE_RECURSION = YES;
				CLANG_WARN_INT_CONVERSION = YES;
				CLANG_WARN_OBJC_ROOT_CLASS = YES_ERROR;
				CLANG_WARN_SUSPICIOUS_MOVE = YES;
				CLANG_WARN_UNREACHABLE_CODE = YES;
				CLANG_WARN__DUPLICATE_METHOD_MATCH = YES;
				"CODE_SIGN_IDENTITY[sdk=iphoneos*]" = "iPhone Developer";
				COPY_PHASE_STRIP = NO;
				DEBUG_INFORMATION_FORMAT = dwarf;
				ENABLE_STRICT_OBJC_MSGSEND = YES;
				ENABLE_TESTABILITY = YES;
				GCC_C_LANGUAGE_STANDARD = gnu99;
				GCC_DYNAMIC_NO_PIC = NO;
				GCC_NO_COMMON_BLOCKS = YES;
				GCC_OPTIMIZATION_LEVEL = 0;
				GCC_PREPROCESSOR_DEFINITIONS = (
					"DEBUG=1",
					"$(inherited)",
				);
				GCC_WARN_64_TO_32_BIT_CONVERSION = YES;
				GCC_WARN_ABOUT_RETURN_TYPE = YES_ERROR;
				GCC_WARN_UNDECLARED_SELECTOR = YES;
				GCC_WARN_UNINITIALIZED_AUTOS = YES_AGGRESSIVE;
				GCC_WARN_UNUSED_FUNCTION = YES;
				GCC_WARN_UNUSED_VARIABLE = YES;
				IPHONEOS_DEPLOYMENT_TARGET = 10.2;
				MTL_ENABLE_DEBUG_INFO = YES;
				ONLY_ACTIVE_ARCH = YES;
				SDKROOT = iphoneos;
				SWIFT_ACTIVE_COMPILATION_CONDITIONS = DEBUG;
				SWIFT_OPTIMIZATION_LEVEL = "-Onone";
			};
			name = Debug;
		};
		981E04841E3341A200E7C168 /* Release */ = {
			isa = XCBuildConfiguration;
			buildSettings = {
				ALWAYS_SEARCH_USER_PATHS = NO;
				CLANG_ANALYZER_NONNULL = YES;
				CLANG_CXX_LANGUAGE_STANDARD = "gnu++0x";
				CLANG_CXX_LIBRARY = "libc++";
				CLANG_ENABLE_MODULES = YES;
				CLANG_ENABLE_OBJC_ARC = YES;
				CLANG_WARN_BOOL_CONVERSION = YES;
				CLANG_WARN_CONSTANT_CONVERSION = YES;
				CLANG_WARN_DIRECT_OBJC_ISA_USAGE = YES_ERROR;
				CLANG_WARN_DOCUMENTATION_COMMENTS = YES;
				CLANG_WARN_EMPTY_BODY = YES;
				CLANG_WARN_ENUM_CONVERSION = YES;
				CLANG_WARN_INFINITE_RECURSION = YES;
				CLANG_WARN_INT_CONVERSION = YES;
				CLANG_WARN_OBJC_ROOT_CLASS = YES_ERROR;
				CLANG_WARN_SUSPICIOUS_MOVE = YES;
				CLANG_WARN_UNREACHABLE_CODE = YES;
				CLANG_WARN__DUPLICATE_METHOD_MATCH = YES;
				"CODE_SIGN_IDENTITY[sdk=iphoneos*]" = "iPhone Developer";
				COPY_PHASE_STRIP = NO;
				DEBUG_INFORMATION_FORMAT = "dwarf-with-dsym";
				ENABLE_NS_ASSERTIONS = NO;
				ENABLE_STRICT_OBJC_MSGSEND = YES;
				GCC_C_LANGUAGE_STANDARD = gnu99;
				GCC_NO_COMMON_BLOCKS = YES;
				GCC_WARN_64_TO_32_BIT_CONVERSION = YES;
				GCC_WARN_ABOUT_RETURN_TYPE = YES_ERROR;
				GCC_WARN_UNDECLARED_SELECTOR = YES;
				GCC_WARN_UNINITIALIZED_AUTOS = YES_AGGRESSIVE;
				GCC_WARN_UNUSED_FUNCTION = YES;
				GCC_WARN_UNUSED_VARIABLE = YES;
				IPHONEOS_DEPLOYMENT_TARGET = 10.2;
				MTL_ENABLE_DEBUG_INFO = NO;
				SDKROOT = iphoneos;
				SWIFT_OPTIMIZATION_LEVEL = "-Owholemodule";
				VALIDATE_PRODUCT = YES;
			};
			name = Release;
		};
		981E04861E3341A200E7C168 /* Debug */ = {
			isa = XCBuildConfiguration;
			buildSettings = {
				ASSETCATALOG_COMPILER_APPICON_NAME = AppIcon;
				ASSETCATALOG_COMPILER_LAUNCHIMAGE_NAME = LaunchImage;
				DEVELOPMENT_TEAM = 2J36W3NEML;
				FRAMEWORK_SEARCH_PATHS = (
					"$(inherited)",
					"$(PROJECT_DIR)/Carthage/Build/iOS",
				);
				INFOPLIST_FILE = ProvidR/Info.plist;
				LD_RUNPATH_SEARCH_PATHS = "$(inherited) @executable_path/Frameworks";
				PRODUCT_BUNDLE_IDENTIFIER = user.ProvidR;
				PRODUCT_NAME = "$(TARGET_NAME)";
				SWIFT_VERSION = 3.0;
			};
			name = Debug;
		};
		981E04871E3341A200E7C168 /* Release */ = {
			isa = XCBuildConfiguration;
			buildSettings = {
				ASSETCATALOG_COMPILER_APPICON_NAME = AppIcon;
				ASSETCATALOG_COMPILER_LAUNCHIMAGE_NAME = LaunchImage;
				DEVELOPMENT_TEAM = 2J36W3NEML;
				FRAMEWORK_SEARCH_PATHS = (
					"$(inherited)",
					"$(PROJECT_DIR)/Carthage/Build/iOS",
				);
				INFOPLIST_FILE = ProvidR/Info.plist;
				LD_RUNPATH_SEARCH_PATHS = "$(inherited) @executable_path/Frameworks";
				PRODUCT_BUNDLE_IDENTIFIER = user.ProvidR;
				PRODUCT_NAME = "$(TARGET_NAME)";
				SWIFT_VERSION = 3.0;
			};
			name = Release;
		};
		981E04891E3341A200E7C168 /* Debug */ = {
			isa = XCBuildConfiguration;
			buildSettings = {
				ALWAYS_EMBED_SWIFT_STANDARD_LIBRARIES = YES;
				BUNDLE_LOADER = "$(TEST_HOST)";
				DEVELOPMENT_TEAM = 2J36W3NEML;
				INFOPLIST_FILE = ProvidRTests/Info.plist;
				LD_RUNPATH_SEARCH_PATHS = "$(inherited) @executable_path/Frameworks @loader_path/Frameworks";
				PRODUCT_BUNDLE_IDENTIFIER = user.ProvidRTests;
				PRODUCT_NAME = "$(TARGET_NAME)";
				SWIFT_VERSION = 3.0;
				TEST_HOST = "$(BUILT_PRODUCTS_DIR)/ProvidR.app/ProvidR";
			};
			name = Debug;
		};
		981E048A1E3341A200E7C168 /* Release */ = {
			isa = XCBuildConfiguration;
			buildSettings = {
				ALWAYS_EMBED_SWIFT_STANDARD_LIBRARIES = YES;
				BUNDLE_LOADER = "$(TEST_HOST)";
				DEVELOPMENT_TEAM = 2J36W3NEML;
				INFOPLIST_FILE = ProvidRTests/Info.plist;
				LD_RUNPATH_SEARCH_PATHS = "$(inherited) @executable_path/Frameworks @loader_path/Frameworks";
				PRODUCT_BUNDLE_IDENTIFIER = user.ProvidRTests;
				PRODUCT_NAME = "$(TARGET_NAME)";
				SWIFT_VERSION = 3.0;
				TEST_HOST = "$(BUILT_PRODUCTS_DIR)/ProvidR.app/ProvidR";
			};
			name = Release;
		};
		981E048C1E3341A200E7C168 /* Debug */ = {
			isa = XCBuildConfiguration;
			buildSettings = {
				ALWAYS_EMBED_SWIFT_STANDARD_LIBRARIES = YES;
				DEVELOPMENT_TEAM = 2J36W3NEML;
				INFOPLIST_FILE = ProvidRUITests/Info.plist;
				LD_RUNPATH_SEARCH_PATHS = "$(inherited) @executable_path/Frameworks @loader_path/Frameworks";
				PRODUCT_BUNDLE_IDENTIFIER = user.ProvidRUITests;
				PRODUCT_NAME = "$(TARGET_NAME)";
				SWIFT_VERSION = 3.0;
				TEST_TARGET_NAME = ProvidR;
			};
			name = Debug;
		};
		981E048D1E3341A200E7C168 /* Release */ = {
			isa = XCBuildConfiguration;
			buildSettings = {
				ALWAYS_EMBED_SWIFT_STANDARD_LIBRARIES = YES;
				DEVELOPMENT_TEAM = 2J36W3NEML;
				INFOPLIST_FILE = ProvidRUITests/Info.plist;
				LD_RUNPATH_SEARCH_PATHS = "$(inherited) @executable_path/Frameworks @loader_path/Frameworks";
				PRODUCT_BUNDLE_IDENTIFIER = user.ProvidRUITests;
				PRODUCT_NAME = "$(TARGET_NAME)";
				SWIFT_VERSION = 3.0;
				TEST_TARGET_NAME = ProvidR;
			};
			name = Release;
		};
/* End XCBuildConfiguration section */

/* Begin XCConfigurationList section */
		981E04551E3341A200E7C168 /* Build configuration list for PBXProject "ProvidR" */ = {
			isa = XCConfigurationList;
			buildConfigurations = (
				981E04831E3341A200E7C168 /* Debug */,
				981E04841E3341A200E7C168 /* Release */,
			);
			defaultConfigurationIsVisible = 0;
			defaultConfigurationName = Release;
		};
		981E04851E3341A200E7C168 /* Build configuration list for PBXNativeTarget "ProvidR" */ = {
			isa = XCConfigurationList;
			buildConfigurations = (
				981E04861E3341A200E7C168 /* Debug */,
				981E04871E3341A200E7C168 /* Release */,
			);
			defaultConfigurationIsVisible = 0;
			defaultConfigurationName = Release;
		};
		981E04881E3341A200E7C168 /* Build configuration list for PBXNativeTarget "ProvidRTests" */ = {
			isa = XCConfigurationList;
			buildConfigurations = (
				981E04891E3341A200E7C168 /* Debug */,
				981E048A1E3341A200E7C168 /* Release */,
			);
			defaultConfigurationIsVisible = 0;
			defaultConfigurationName = Release;
		};
		981E048B1E3341A200E7C168 /* Build configuration list for PBXNativeTarget "ProvidRUITests" */ = {
			isa = XCConfigurationList;
			buildConfigurations = (
				981E048C1E3341A200E7C168 /* Debug */,
				981E048D1E3341A200E7C168 /* Release */,
			);
			defaultConfigurationIsVisible = 0;
			defaultConfigurationName = Release;
		};
/* End XCConfigurationList section */

/* Begin XCVersionGroup section */
		981E04641E3341A200E7C168 /* ProvidR.xcdatamodeld */ = {
			isa = XCVersionGroup;
			children = (
				981E04651E3341A200E7C168 /* ProvidR.xcdatamodel */,
			);
			currentVersion = 981E04651E3341A200E7C168 /* ProvidR.xcdatamodel */;
			path = ProvidR.xcdatamodeld;
			sourceTree = "<group>";
			versionGroupType = wrapper.xcdatamodel;
		};
/* End XCVersionGroup section */
	};
	rootObject = 981E04521E3341A200E7C168 /* Project object */;
}
